# This file is automatically @generated by Cargo.
# It is not intended for manual editing.
version = 4

[[package]]
name = "ahash"
version = "0.8.11"
source = "registry+https://github.com/rust-lang/crates.io-index"
checksum = "e89da841a80418a9b391ebaea17f5c112ffaaa96f621d2c285b5174da76b9011"
dependencies = [
 "cfg-if",
 "getrandom",
 "once_cell",
 "version_check",
 "zerocopy",
]

[[package]]
name = "aho-corasick"
version = "1.1.3"
source = "registry+https://github.com/rust-lang/crates.io-index"
checksum = "8e60d3430d3a69478ad0993f19238d2df97c507009a52b3c10addcd7f6bcb916"
dependencies = [
 "memchr",
]

[[package]]
name = "anyhow"
version = "1.0.95"
source = "registry+https://github.com/rust-lang/crates.io-index"
checksum = "34ac096ce696dc2fcabef30516bb13c0a68a11d30131d3df6f04711467681b04"

[[package]]
name = "astar"
version = "0.1.0"
dependencies = [
 "ahash",
 "anyhow",
 "num",
 "priority-queue",
]

[[package]]
name = "autocfg"
version = "1.4.0"
source = "registry+https://github.com/rust-lang/crates.io-index"
checksum = "ace50bade8e6234aa140d9a2f552bbee1db4d353f69b8217bc503490fc1a9f26"

[[package]]
name = "bimap"
version = "0.6.3"
source = "registry+https://github.com/rust-lang/crates.io-index"
checksum = "230c5f1ca6a325a32553f8640d31ac9b49f2411e901e427570154868b46da4f7"

[[package]]
name = "block-buffer"
version = "0.10.4"
source = "registry+https://github.com/rust-lang/crates.io-index"
checksum = "3078c7629b62d3f0439517fa394996acacc5cbc91c5a20d8c658e77abd503a71"
dependencies = [
 "generic-array",
]

[[package]]
name = "cfg-if"
version = "1.0.0"
source = "registry+https://github.com/rust-lang/crates.io-index"
checksum = "baf1de4339761588bc0619e3cbc0120ee582ebb74b53b4efbf79117bd2da40fd"

[[package]]
name = "combinations"
version = "0.1.0"

[[package]]
name = "counter"
version = "0.6.0"
source = "registry+https://github.com/rust-lang/crates.io-index"
checksum = "f009fcafa949dc1fc46a762dae84d0c2687d3b550906b633c4979d58d2c6ae52"
dependencies = [
 "num-traits",
]

[[package]]
name = "crossbeam-deque"
version = "0.8.6"
source = "registry+https://github.com/rust-lang/crates.io-index"
checksum = "9dd111b7b7f7d55b72c0a6ae361660ee5853c9af73f70c3c2ef6858b950e2e51"
dependencies = [
 "crossbeam-epoch",
 "crossbeam-utils",
]

[[package]]
name = "crossbeam-epoch"
version = "0.9.18"
source = "registry+https://github.com/rust-lang/crates.io-index"
checksum = "5b82ac4a3c2ca9c3460964f020e1402edd5753411d7737aa39c3714ad1b5420e"
dependencies = [
 "crossbeam-utils",
]

[[package]]
name = "crossbeam-utils"
version = "0.8.21"
source = "registry+https://github.com/rust-lang/crates.io-index"
checksum = "d0a5c400df2834b80a4c3327b3aad3a4c4cd4de0629063962b03235697506a28"

[[package]]
name = "crypto-common"
version = "0.1.6"
source = "registry+https://github.com/rust-lang/crates.io-index"
checksum = "1bfb12502f3fc46cca1bb51ac28df9d618d813cdc3d2f25b9fe775a34af26bb3"
dependencies = [
 "generic-array",
 "typenum",
]

[[package]]
name = "day12"
version = "0.1.0"
dependencies = [
 "ahash",
 "anyhow",
 "indoc 2.0.5",
 "itertools 0.12.1",
 "test-case",
]

[[package]]
name = "day13"
version = "0.1.0"
dependencies = [
 "anyhow",
 "indoc 2.0.5",
 "test-case",
]

[[package]]
name = "digest"
version = "0.10.7"
source = "registry+https://github.com/rust-lang/crates.io-index"
checksum = "9ed9a281f7bc9b7576e61468ba615a66a5c8cfdff42420a70aa82701a3b1e292"
dependencies = [
 "block-buffer",
 "crypto-common",
]

[[package]]
name = "either"
version = "1.13.0"
source = "registry+https://github.com/rust-lang/crates.io-index"
checksum = "60b1af1c220855b6ceac025d3f6ecdd2b7c4894bfe9cd9bda4fbb4bc7c0d4cf0"

[[package]]
name = "equivalent"
version = "1.0.1"
source = "registry+https://github.com/rust-lang/crates.io-index"
checksum = "5443807d6dff69373d433ab9ef5378ad8df50ca6298caf15de6e52e24aaf54d5"

[[package]]
name = "generic-array"
version = "0.14.7"
source = "registry+https://github.com/rust-lang/crates.io-index"
checksum = "85649ca51fd72272d7821adaf274ad91c288277713d9c18820d8499a7ff69e9a"
dependencies = [
 "typenum",
 "version_check",
]

[[package]]
name = "getrandom"
version = "0.2.15"
source = "registry+https://github.com/rust-lang/crates.io-index"
checksum = "c4567c8db10ae91089c99af84c68c38da3ec2f087c3f82960bcdbf3656b6f4d7"
dependencies = [
 "cfg-if",
 "libc",
 "wasi",
]

[[package]]
name = "hashbrown"
version = "0.15.2"
source = "registry+https://github.com/rust-lang/crates.io-index"
checksum = "bf151400ff0baff5465007dd2f3e717f3fe502074ca563069ce3a6629d07b289"

[[package]]
name = "indexmap"
version = "2.7.0"
source = "registry+https://github.com/rust-lang/crates.io-index"
checksum = "62f822373a4fe84d4bb149bf54e584a7f4abec90e072ed49cda0edea5b95471f"
dependencies = [
 "equivalent",
 "hashbrown",
]

[[package]]
name = "indoc"
version = "1.0.9"
source = "registry+https://github.com/rust-lang/crates.io-index"
checksum = "bfa799dd5ed20a7e349f3b4639aa80d74549c81716d9ec4f994c9b5815598306"

[[package]]
name = "indoc"
version = "2.0.5"
source = "registry+https://github.com/rust-lang/crates.io-index"
checksum = "b248f5224d1d606005e02c97f5aa4e88eeb230488bcc03bc9ca4d7991399f2b5"

[[package]]
name = "itertools"
version = "0.12.1"
source = "registry+https://github.com/rust-lang/crates.io-index"
checksum = "ba291022dbbd398a455acf126c1e341954079855bc60dfdda641363bd6922569"
dependencies = [
 "either",
]

[[package]]
name = "itertools"
version = "0.13.0"
source = "registry+https://github.com/rust-lang/crates.io-index"
checksum = "413ee7dfc52ee1a4949ceeb7dbc8a33f2d6c088194d9f922fb8318faf1f01186"
dependencies = [
 "either",
]

[[package]]
name = "itoa"
version = "1.0.14"
source = "registry+https://github.com/rust-lang/crates.io-index"
checksum = "d75a2a4b1b190afb6f5425f10f6a8f959d2ea0b9c2b1d79553551850539e4674"

[[package]]
name = "lazy_static"
version = "1.5.0"
source = "registry+https://github.com/rust-lang/crates.io-index"
checksum = "bbd2bcb4c963f2ddae06a2efc7e9f3591312473c50c6685e1f298068316e66fe"

[[package]]
name = "libc"
version = "0.2.169"
source = "registry+https://github.com/rust-lang/crates.io-index"
checksum = "b5aba8db14291edd000dfcc4d620c7ebfb122c613afb886ca8803fa4e128a20a"

[[package]]
name = "md-5"
version = "0.10.6"
source = "registry+https://github.com/rust-lang/crates.io-index"
checksum = "d89e7ee0cfbedfc4da3340218492196241d89eefb6dab27de5df917a6d2e78cf"
dependencies = [
 "cfg-if",
 "digest",
]

[[package]]
name = "memchr"
version = "2.7.4"
source = "registry+https://github.com/rust-lang/crates.io-index"
checksum = "78ca9ab1a0babb1e7d5695e3530886289c18cf2f87ec19a575a0abdce112e3a3"

[[package]]
name = "mmxv_day1"
version = "0.1.0"

[[package]]
name = "mmxv_day10"
version = "0.1.0"
dependencies = [
 "anyhow",
 "test-case",
]

[[package]]
name = "mmxv_day11"
version = "0.1.0"
dependencies = [
 "anyhow",
 "test-case",
]

[[package]]
name = "mmxv_day12"
version = "0.1.0"
dependencies = [
 "anyhow",
 "serde_json",
 "test-case",
]

[[package]]
name = "mmxv_day13"
version = "0.1.0"
dependencies = [
 "ahash",
 "anyhow",
 "combinations",
 "indoc 2.0.5",
 "itertools 0.13.0",
 "once_cell",
 "regex",
]

[[package]]
name = "mmxv_day14"
version = "0.1.0"
dependencies = [
 "ahash",
 "anyhow",
 "indoc 2.0.5",
 "once_cell",
 "regex",
]

[[package]]
name = "mmxv_day15"
version = "0.1.0"
dependencies = [
 "ahash",
 "anyhow",
 "indoc 2.0.5",
 "once_cell",
 "regex",
]

[[package]]
name = "mmxv_day16"
version = "0.1.0"
dependencies = [
 "anyhow",
 "once_cell",
 "regex",
]

[[package]]
name = "mmxv_day17"
version = "0.1.0"
dependencies = [
 "anyhow",
 "indoc 2.0.5",
 "itertools 0.13.0",
]

[[package]]
name = "mmxv_day18"
version = "0.1.0"
dependencies = [
 "ahash",
 "anyhow",
 "itertools 0.13.0",
]

[[package]]
name = "mmxv_day19"
version = "0.1.0"
dependencies = [
 "ahash",
 "anyhow",
 "astar",
 "indoc 2.0.5",
 "once_cell",
 "regex",
 "test-case",
]

[[package]]
name = "mmxv_day2"
version = "0.1.0"
dependencies = [
 "lazy_static",
 "regex",
]

[[package]]
name = "mmxv_day20"
version = "0.1.0"
dependencies = [
 "ahash",
 "anyhow",
 "indoc 2.0.5",
]

[[package]]
name = "mmxv_day21"
version = "0.1.0"
dependencies = [
 "ahash",
 "anyhow",
 "indoc 2.0.5",
 "once_cell",
 "regex",
]

[[package]]
name = "mmxv_day22"
version = "0.1.0"
dependencies = [
 "anyhow",
 "astar",
 "indoc 2.0.5",
]

[[package]]
name = "mmxv_day3"
version = "0.1.0"
dependencies = [
 "ahash",
 "lazy_static",
 "regex",
 "test-case",
]

[[package]]
name = "mmxv_day4"
version = "0.1.0"
dependencies = [
 "md-5",
]

[[package]]
name = "mmxv_day5"
version = "0.1.0"
dependencies = [
 "test-case",
]

[[package]]
name = "mmxv_day6"
version = "0.1.0"
dependencies = [
 "anyhow",
 "lazy_static",
 "regex",
]

[[package]]
name = "mmxv_day7"
version = "0.1.0"
dependencies = [
 "ahash",
 "anyhow",
 "lazy_static",
 "regex",
 "test-case",
]

[[package]]
name = "mmxv_day8"
version = "0.1.0"
dependencies = [
 "anyhow",
]

[[package]]
name = "mmxv_day9"
version = "0.1.0"
dependencies = [
 "ahash",
 "anyhow",
 "combinations",
 "indoc 2.0.5",
 "once_cell",
 "regex",
]

[[package]]
name = "mmxxi_day1"
version = "0.1.0"
dependencies = [
 "test-case",
]

[[package]]
name = "mmxxi_day10"
version = "0.1.0"
dependencies = [
 "ahash",
 "lazy_static",
 "regex",
 "test-case",
]

[[package]]
name = "mmxxi_day11"
version = "0.1.0"
dependencies = [
 "ahash",
 "lazy_static",
 "regex",
 "test-case",
]

[[package]]
name = "mmxxi_day12"
version = "0.1.0"
dependencies = [
 "ahash",
 "anyhow",
 "lazy_static",
 "regex",
 "test-case",
]

[[package]]
name = "mmxxi_day13"
version = "0.1.0"
dependencies = [
 "ahash",
 "anyhow",
 "lazy_static",
 "regex",
 "test-case",
]

[[package]]
name = "mmxxi_day14"
version = "0.1.0"
dependencies = [
 "ahash",
 "anyhow",
 "lazy_static",
 "regex",
 "test-case",
]

[[package]]
name = "mmxxi_day15"
version = "0.1.0"
dependencies = [
 "ahash",
 "anyhow",
 "lazy_static",
 "priority-queue",
 "regex",
 "test-case",
]

[[package]]
name = "mmxxi_day16"
version = "0.1.0"
dependencies = [
 "ahash",
 "anyhow",
 "lazy_static",
 "regex",
 "test-case",
]

[[package]]
name = "mmxxi_day17"
version = "0.1.0"
dependencies = [
 "ahash",
 "anyhow",
 "lazy_static",
 "regex",
 "test-case",
]

[[package]]
name = "mmxxi_day18"
version = "0.1.0"
dependencies = [
 "ahash",
 "anyhow",
 "lazy_static",
 "regex",
 "test-case",
]

[[package]]
name = "mmxxi_day19"
version = "0.1.0"
dependencies = [
 "ahash",
 "anyhow",
 "indoc 1.0.9",
 "once_cell",
 "regex",
 "test-case",
]

[[package]]
name = "mmxxi_day2"
version = "0.1.0"
dependencies = [
 "regex",
]

[[package]]
name = "mmxxi_day3"
version = "0.1.0"
dependencies = [
 "lazy_static",
 "regex",
]

[[package]]
name = "mmxxi_day4"
version = "0.1.0"
dependencies = [
 "ahash",
 "anyhow",
]

[[package]]
name = "mmxxi_day5"
version = "0.1.0"
dependencies = [
 "ahash",
 "lazy_static",
 "regex",
]

[[package]]
name = "mmxxi_day6"
version = "0.1.0"
dependencies = [
 "test-case",
]

[[package]]
name = "mmxxi_day7"
version = "0.1.0"

[[package]]
name = "mmxxi_day8"
version = "0.1.0"
dependencies = [
 "ahash",
 "lazy_static",
 "regex",
 "test-case",
]

[[package]]
name = "mmxxi_day9"
version = "0.1.0"
dependencies = [
 "ahash",
 "lazy_static",
 "regex",
 "test-case",
]

[[package]]
name = "mmxxii-day7"
version = "0.1.0"
dependencies = [
 "ahash",
 "anyhow",
 "indoc 2.0.5",
]

[[package]]
name = "mmxxii-day8"
version = "0.1.0"
dependencies = [
 "ahash",
 "anyhow",
 "indoc 2.0.5",
]

[[package]]
name = "mmxxii_day1"
version = "0.1.0"
dependencies = [
 "anyhow",
]

[[package]]
name = "mmxxii_day10"
version = "0.1.0"
dependencies = [
 "anyhow",
 "indoc 2.0.5",
 "once_cell",
 "regex",
]

[[package]]
name = "mmxxii_day11"
version = "0.1.0"
dependencies = [
 "ahash",
 "anyhow",
 "indoc 2.0.5",
 "once_cell",
 "regex",
]

[[package]]
name = "mmxxii_day12"
version = "0.1.0"
dependencies = [
 "ahash",
 "anyhow",
 "indoc 2.0.5",
 "itertools 0.13.0",
]

[[package]]
name = "mmxxii_day13"
version = "0.1.0"
dependencies = [
 "anyhow",
 "indoc 2.0.5",
 "itertools 0.13.0",
 "test-case",
]

[[package]]
name = "mmxxii_day14"
version = "0.1.0"
dependencies = [
 "ahash",
 "anyhow",
 "indoc 2.0.5",
 "itertools 0.13.0",
 "test-case",
]

[[package]]
name = "mmxxii_day15"
version = "0.1.0"
dependencies = [
 "anyhow",
 "indoc 2.0.5",
 "itertools 0.13.0",
 "once_cell",
 "regex",
 "test-case",
]

[[package]]
name = "mmxxii_day16"
version = "0.1.0"
dependencies = [
 "ahash",
 "anyhow",
 "bimap",
 "indoc 2.0.5",
 "once_cell",
 "regex",
]

[[package]]
name = "mmxxii_day17"
version = "0.1.0"
dependencies = [
 "ahash",
 "anyhow",
 "once_cell",
]

[[package]]
name = "mmxxii_day18"
version = "0.1.0"
dependencies = [
 "ahash",
 "anyhow",
 "indoc 2.0.5",
 "test-case",
]

[[package]]
name = "mmxxii_day19"
version = "0.1.0"
dependencies = [
 "ahash",
 "anyhow",
 "indoc 2.0.5",
 "once_cell",
 "rayon",
 "regex",
]

[[package]]
name = "mmxxii_day2"
version = "0.1.0"
dependencies = [
 "anyhow",
 "once_cell",
 "regex",
 "thiserror",
]

[[package]]
name = "mmxxii_day20"
version = "0.1.0"
dependencies = [
 "anyhow",
 "indoc 2.0.5",
 "test-case",
]

[[package]]
name = "mmxxii_day21"
version = "0.1.0"
dependencies = [
 "ahash",
 "anyhow",
 "indoc 2.0.5",
 "test-case",
]

[[package]]
name = "mmxxii_day22"
version = "0.1.0"
dependencies = [
 "ahash",
 "anyhow",
 "indoc 2.0.5",
 "itertools 0.13.0",
 "once_cell",
 "regex",
 "test-case",
]

[[package]]
name = "mmxxii_day23"
version = "0.1.0"
dependencies = [
 "ahash",
 "anyhow",
 "indoc 2.0.5",
]

[[package]]
name = "mmxxii_day24"
version = "0.1.0"
dependencies = [
 "ahash",
 "anyhow",
 "astar",
 "indoc 2.0.5",
 "num",
 "once_cell",
 "regex",
]

[[package]]
name = "mmxxii_day25"
version = "0.1.0"
dependencies = [
 "ahash",
 "anyhow",
 "indoc 2.0.5",
 "test-case",
]

[[package]]
name = "mmxxii_day3"
version = "0.1.0"
dependencies = [
 "ahash",
 "anyhow",
 "indoc 2.0.5",
]

[[package]]
name = "mmxxii_day4"
version = "0.1.0"
dependencies = [
 "anyhow",
 "indoc 2.0.5",
 "once_cell",
 "regex",
]

[[package]]
name = "mmxxii_day5"
version = "0.1.0"
dependencies = [
 "ahash",
 "anyhow",
 "indoc 2.0.5",
 "once_cell",
 "regex",
]

[[package]]
name = "mmxxii_day6"
version = "0.1.0"
dependencies = [
 "ahash",
 "anyhow",
 "itertools 0.13.0",
 "test-case",
]

[[package]]
name = "mmxxii_day9"
version = "0.1.0"
dependencies = [
 "ahash",
 "anyhow",
 "indoc 2.0.5",
 "itertools 0.13.0",
]

[[package]]
name = "mmxxiii_day01"
version = "0.1.0"
dependencies = [
 "anyhow",
 "indoc 2.0.5",
 "once_cell",
 "regex",
]

[[package]]
name = "mmxxiii_day02"
version = "0.1.0"
dependencies = [
 "ahash",
 "anyhow",
 "indoc 2.0.5",
 "test-case",
]

[[package]]
name = "mmxxiii_day03"
version = "0.1.0"
dependencies = [
 "ahash",
 "anyhow",
 "indoc 2.0.5",
 "once_cell",
 "regex",
]

[[package]]
name = "mmxxiii_day04"
version = "0.1.0"
dependencies = [
 "ahash",
 "anyhow",
 "indoc 2.0.5",
 "once_cell",
 "regex",
]

[[package]]
name = "mmxxiii_day06"
version = "0.1.0"
dependencies = [
 "ahash",
 "anyhow",
 "indoc 2.0.5",
 "itertools 0.13.0",
 "test-case",
]

[[package]]
name = "mmxxiii_day10"
version = "0.1.0"
dependencies = [
 "ahash",
 "anyhow",
 "indoc 2.0.5",
 "test-case",
]

[[package]]
name = "mmxxiii_day11"
version = "0.1.0"
dependencies = [
 "ahash",
 "anyhow",
 "combinations",
 "indoc 2.0.5",
 "test-case",
]

[[package]]
name = "mmxxiii_day5"
version = "0.1.0"
dependencies = [
 "ahash",
 "anyhow",
 "indoc 2.0.5",
 "once_cell",
 "regex",
 "test-case",
]

[[package]]
name = "mmxxiii_day7"
version = "0.1.0"
dependencies = [
 "anyhow",
 "counter",
 "indoc 2.0.5",
 "once_cell",
 "regex",
 "test-case",
]

[[package]]
name = "mmxxiii_day8"
version = "0.1.0"
dependencies = [
 "ahash",
 "anyhow",
 "indoc 2.0.5",
 "once_cell",
 "regex",
 "test-case",
]

[[package]]
name = "mmxxiii_day9"
version = "0.1.0"
dependencies = [
 "anyhow",
 "indoc 2.0.5",
]

[[package]]
name = "mmxxiv_day01"
version = "0.1.0"
dependencies = [
 "anyhow",
 "counter",
 "indoc 2.0.5",
]

[[package]]
name = "mmxxiv_day10"
version = "0.1.0"
dependencies = [
 "ahash",
 "anyhow",
 "astar",
 "indoc 2.0.5",
]

[[package]]
name = "mmxxiv_day11"
version = "0.1.0"
dependencies = [
 "ahash",
 "anyhow",
 "indoc 2.0.5",
]

[[package]]
name = "mmxxiv_day12"
version = "0.1.0"
dependencies = [
 "ahash",
 "anyhow",
 "indoc 2.0.5",
 "test-case",
]

[[package]]
name = "mmxxiv_day14"
version = "0.1.0"
dependencies = [
 "anyhow",
 "indoc 2.0.5",
]

[[package]]
name = "mmxxiv_day15"
version = "0.1.0"
dependencies = [
 "ahash",
 "anyhow",
 "indoc 2.0.5",
 "test-case",
]

[[package]]
name = "mmxxiv_day16"
version = "0.1.0"
dependencies = [
 "ahash",
 "anyhow",
 "astar",
 "indoc 2.0.5",
 "test-case",
]

[[package]]
name = "mmxxiv_day17"
version = "0.1.0"
dependencies = [
 "anyhow",
 "indoc 2.0.5",
 "itertools 0.13.0",
 "rayon",
 "test-case",
 "thiserror",
]

[[package]]
name = "mmxxiv_day2"
version = "0.1.0"
dependencies = [
 "anyhow",
 "indoc 2.0.5",
]

[[package]]
name = "mmxxiv_day3"
version = "0.1.0"
dependencies = [
 "anyhow",
 "indoc 2.0.5",
 "once_cell",
 "regex",
]

[[package]]
name = "mmxxiv_day4"
version = "0.1.0"
dependencies = [
 "ahash",
 "anyhow",
 "indoc 2.0.5",
]

[[package]]
name = "mmxxiv_day5"
version = "0.1.0"
dependencies = [
 "ahash",
 "anyhow",
 "indoc 2.0.5",
]

[[package]]
name = "mmxxiv_day6"
version = "0.1.0"
dependencies = [
 "ahash",
 "anyhow",
 "indoc 2.0.5",
]

[[package]]
name = "mmxxiv_day7"
version = "0.1.0"
dependencies = [
 "anyhow",
 "indoc 2.0.5",
]

[[package]]
name = "mmxxiv_day8"
version = "0.1.0"
dependencies = [
 "ahash",
 "anyhow",
 "indoc 2.0.5",
]

[[package]]
name = "mmxxiv_day9"
version = "0.1.0"
dependencies = [
 "ahash",
 "anyhow",
 "indoc 2.0.5",
]

[[package]]
name = "num"
version = "0.4.3"
source = "registry+https://github.com/rust-lang/crates.io-index"
checksum = "35bd024e8b2ff75562e5f34e7f4905839deb4b22955ef5e73d2fea1b9813cb23"
dependencies = [
 "num-bigint",
 "num-complex",
 "num-integer",
 "num-iter",
 "num-rational",
 "num-traits",
]

[[package]]
name = "num-bigint"
version = "0.4.6"
source = "registry+https://github.com/rust-lang/crates.io-index"
checksum = "a5e44f723f1133c9deac646763579fdb3ac745e418f2a7af9cd0c431da1f20b9"
dependencies = [
 "num-integer",
 "num-traits",
]

[[package]]
name = "num-complex"
version = "0.4.6"
source = "registry+https://github.com/rust-lang/crates.io-index"
checksum = "73f88a1307638156682bada9d7604135552957b7818057dcef22705b4d509495"
dependencies = [
 "num-traits",
]

[[package]]
name = "num-integer"
version = "0.1.46"
source = "registry+https://github.com/rust-lang/crates.io-index"
checksum = "7969661fd2958a5cb096e56c8e1ad0444ac2bbcd0061bd28660485a44879858f"
dependencies = [
 "num-traits",
]

[[package]]
name = "num-iter"
version = "0.1.45"
source = "registry+https://github.com/rust-lang/crates.io-index"
checksum = "1429034a0490724d0075ebb2bc9e875d6503c3cf69e235a8941aa757d83ef5bf"
dependencies = [
 "autocfg",
 "num-integer",
 "num-traits",
]

[[package]]
name = "num-rational"
version = "0.4.2"
source = "registry+https://github.com/rust-lang/crates.io-index"
checksum = "f83d14da390562dca69fc84082e73e548e1ad308d24accdedd2720017cb37824"
dependencies = [
 "num-bigint",
 "num-integer",
 "num-traits",
]

[[package]]
name = "num-traits"
version = "0.2.19"
source = "registry+https://github.com/rust-lang/crates.io-index"
checksum = "071dfc062690e90b734c0b2273ce72ad0ffa95f0c74596bc250dcfd960262841"
dependencies = [
 "autocfg",
]

[[package]]
name = "once_cell"
version = "1.20.2"
source = "registry+https://github.com/rust-lang/crates.io-index"
checksum = "1261fe7e33c73b354eab43b1273a57c8f967d0391e80353e51f764ac02cf6775"

[[package]]
name = "priority-queue"
version = "2.1.1"
source = "registry+https://github.com/rust-lang/crates.io-index"
checksum = "714c75db297bc88a63783ffc6ab9f830698a6705aa0201416931759ef4c8183d"
dependencies = [
 "autocfg",
 "equivalent",
 "indexmap",
]

[[package]]
name = "proc-macro2"
version = "1.0.92"
source = "registry+https://github.com/rust-lang/crates.io-index"
checksum = "37d3544b3f2748c54e147655edb5025752e2303145b5aefb3c3ea2c78b973bb0"
dependencies = [
 "unicode-ident",
]

[[package]]
name = "quote"
version = "1.0.38"
source = "registry+https://github.com/rust-lang/crates.io-index"
checksum = "0e4dccaaaf89514f546c693ddc140f729f958c247918a13380cccc6078391acc"
dependencies = [
 "proc-macro2",
]

[[package]]
name = "rayon"
version = "1.10.0"
source = "registry+https://github.com/rust-lang/crates.io-index"
checksum = "b418a60154510ca1a002a752ca9714984e21e4241e804d32555251faf8b78ffa"
dependencies = [
 "either",
 "rayon-core",
]

[[package]]
name = "rayon-core"
version = "1.12.1"
source = "registry+https://github.com/rust-lang/crates.io-index"
checksum = "1465873a3dfdaa8ae7cb14b4383657caab0b3e8a0aa9ae8e04b044854c8dfce2"
dependencies = [
 "crossbeam-deque",
 "crossbeam-utils",
]

[[package]]
name = "regex"
version = "1.11.1"
source = "registry+https://github.com/rust-lang/crates.io-index"
checksum = "b544ef1b4eac5dc2db33ea63606ae9ffcfac26c1416a2806ae0bf5f56b201191"
dependencies = [
 "aho-corasick",
 "memchr",
 "regex-automata",
 "regex-syntax",
]

[[package]]
name = "regex-automata"
version = "0.4.9"
source = "registry+https://github.com/rust-lang/crates.io-index"
checksum = "809e8dc61f6de73b46c85f4c96486310fe304c434cfa43669d7b40f711150908"
dependencies = [
 "aho-corasick",
 "memchr",
 "regex-syntax",
]

[[package]]
name = "regex-syntax"
version = "0.8.5"
source = "registry+https://github.com/rust-lang/crates.io-index"
checksum = "2b15c43186be67a4fd63bee50d0303afffcef381492ebe2c5d87f324e1b8815c"

[[package]]
name = "ryu"
version = "1.0.18"
source = "registry+https://github.com/rust-lang/crates.io-index"
checksum = "f3cb5ba0dc43242ce17de99c180e96db90b235b8a9fdc9543c96d2209116bd9f"

[[package]]
name = "serde"
version = "1.0.217"
source = "registry+https://github.com/rust-lang/crates.io-index"
checksum = "02fc4265df13d6fa1d00ecff087228cc0a2b5f3c0e87e258d8b94a156e984c70"
dependencies = [
 "serde_derive",
]

[[package]]
name = "serde_derive"
version = "1.0.217"
source = "registry+https://github.com/rust-lang/crates.io-index"
checksum = "5a9bf7cf98d04a2b28aead066b7496853d4779c9cc183c440dbac457641e19a0"
dependencies = [
 "proc-macro2",
 "quote",
 "syn",
]

[[package]]
name = "serde_json"
version = "1.0.134"
source = "registry+https://github.com/rust-lang/crates.io-index"
checksum = "d00f4175c42ee48b15416f6193a959ba3a0d67fc699a0db9ad12df9f83991c7d"
dependencies = [
 "itoa",
 "memchr",
 "ryu",
 "serde",
]

[[package]]
name = "syn"
version = "2.0.95"
source = "registry+https://github.com/rust-lang/crates.io-index"
checksum = "46f71c0377baf4ef1cc3e3402ded576dccc315800fbc62dfc7fe04b009773b4a"
dependencies = [
 "proc-macro2",
 "quote",
 "unicode-ident",
]

[[package]]
name = "test-case"
version = "3.3.1"
source = "registry+https://github.com/rust-lang/crates.io-index"
checksum = "eb2550dd13afcd286853192af8601920d959b14c401fcece38071d53bf0768a8"
dependencies = [
 "test-case-macros",
]

[[package]]
name = "test-case-core"
version = "3.3.1"
source = "registry+https://github.com/rust-lang/crates.io-index"
checksum = "adcb7fd841cd518e279be3d5a3eb0636409487998a4aff22f3de87b81e88384f"
dependencies = [
 "cfg-if",
 "proc-macro2",
 "quote",
 "syn",
]

[[package]]
name = "test-case-macros"
version = "3.3.1"
source = "registry+https://github.com/rust-lang/crates.io-index"
checksum = "5c89e72a01ed4c579669add59014b9a524d609c0c88c6a585ce37485879f6ffb"
dependencies = [
 "proc-macro2",
 "quote",
 "syn",
 "test-case-core",
]

[[package]]
name = "thiserror"
version = "2.0.9"
source = "registry+https://github.com/rust-lang/crates.io-index"
checksum = "f072643fd0190df67a8bab670c20ef5d8737177d6ac6b2e9a236cb096206b2cc"
dependencies = [
 "thiserror-impl",
]

[[package]]
name = "thiserror-impl"
version = "2.0.9"
source = "registry+https://github.com/rust-lang/crates.io-index"
checksum = "7b50fa271071aae2e6ee85f842e2e28ba8cd2c5fb67f11fcb1fd70b276f9e7d4"
dependencies = [
 "proc-macro2",
 "quote",
 "syn",
]

[[package]]
name = "typenum"
version = "1.17.0"
source = "registry+https://github.com/rust-lang/crates.io-index"
checksum = "42ff0bf0c66b8238c6f3b578df37d0b7848e55df8577b3f74f92a69acceeb825"

[[package]]
name = "unicode-ident"
version = "1.0.14"
source = "registry+https://github.com/rust-lang/crates.io-index"
checksum = "adb9e6ca4f869e1180728b7950e35922a7fc6397f7b641499e8f3ef06e50dc83"

[[package]]
name = "version_check"
version = "0.9.5"
source = "registry+https://github.com/rust-lang/crates.io-index"
checksum = "0b928f33d975fc6ad9f86c8f283853ad26bdd5b10b7f1542aa2fa15e2289105a"

[[package]]
name = "wasi"
version = "0.11.0+wasi-snapshot-preview1"
source = "registry+https://github.com/rust-lang/crates.io-index"
checksum = "9c8d87e72b64a3b4db28d11ce29237c246188f4f51057d65a7eab63b7987e423"

[[package]]
name = "zerocopy"
version = "0.7.35"
source = "registry+https://github.com/rust-lang/crates.io-index"
checksum = "1b9b4fd18abc82b8136838da5d50bae7bdea537c574d8dc1a34ed098d6c166f0"
dependencies = [
 "zerocopy-derive",
]

[[package]]
name = "zerocopy-derive"
version = "0.7.35"
source = "registry+https://github.com/rust-lang/crates.io-index"
checksum = "fa4f8080344d4671fb4e831a13ad1e68092748387dfc4f55e356242fae12ce3e"
dependencies = [
 "proc-macro2",
 "quote",
 "syn",
]
